
Microsoft Visual Studio Solution File, Format Version 12.00
# Visual Studio Version 17
VisualStudioVersion = 17.14.36414.22 d17.14
MinimumVisualStudioVersion = 10.0.40219.1
Project("{FAE04EC0-301F-11D3-BF4B-00C04F79EFBC}") = "POS_System", "POS_System\POS_System.csproj", "{EA88D6A2-724F-42DA-BB06-5F2236774749}"
EndProject
Global
	GlobalSection(SolutionConfigurationPlatforms) = preSolution
		Debug|Any CPU = Debug|Any CPU
		Release|Any CPU = Release|Any CPU
	EndGlobalSection
	GlobalSection(ProjectConfigurationPlatforms) = postSolution
		{EA88D6A2-724F-42DA-BB06-5F2236774749}.Debug|Any CPU.ActiveCfg = Debug|Any CPU
		{EA88D6A2-724F-42DA-BB06-5F2236774749}.Debug|Any CPU.Build.0 = Debug|Any CPU
		{EA88D6A2-724F-42DA-BB06-5F2236774749}.Release|Any CPU.ActiveCfg = Release|Any CPU
		{EA88D6A2-724F-42DA-BB06-5F2236774749}.Release|Any CPU.Build.0 = Release|Any CPU
	EndGlobalSection
	GlobalSection(SolutionProperties) = preSolution
		HideSolutionNode = FALSE
	EndGlobalSection
	GlobalSection(ExtensibilityGlobals) = postSolution
		SolutionGuid = {7CA145AE-222F-4177-984C-D13C6AEDCF31}
	EndGlobalSection
EndGlobal
